
Microsoft Visual Studio Solution File, Format Version 12.00
# Visual Studio Version 17
VisualStudioVersion = 17.5.33530.505
MinimumVisualStudioVersion = 10.0.40219.1
Project("{9A19103F-16F7-4668-BE54-9A1E7A4F7556}") = "LibraryAPI", "LibraryAPI\LibraryAPI.csproj", "{586CF295-AAB5-4260-9A37-AB1E9EAF33A7}"
EndProject
Project("{FAE04EC0-301F-11D3-BF4B-00C04F79EFBC}") = "LibraryAPI.Test", "LibraryAPI.Test\LibraryAPI.Test.csproj", "{8128B8EC-0D1F-4876-A2C0-CECD288E3275}"
EndProject
Global
	GlobalSection(SolutionConfigurationPlatforms) = preSolution
		Debug|Any CPU = Debug|Any CPU
		Release|Any CPU = Release|Any CPU
	EndGlobalSection
	GlobalSection(ProjectConfigurationPlatforms) = postSolution
		{586CF295-AAB5-4260-9A37-AB1E9EAF33A7}.Debug|Any CPU.ActiveCfg = Debug|Any CPU
		{586CF295-AAB5-4260-9A37-AB1E9EAF33A7}.Debug|Any CPU.Build.0 = Debug|Any CPU
		{586CF295-AAB5-4260-9A37-AB1E9EAF33A7}.Release|Any CPU.ActiveCfg = Release|Any CPU
		{586CF295-AAB5-4260-9A37-AB1E9EAF33A7}.Release|Any CPU.Build.0 = Release|Any CPU
		{8128B8EC-0D1F-4876-A2C0-CECD288E3275}.Debug|Any CPU.ActiveCfg = Debug|Any CPU
		{8128B8EC-0D1F-4876-A2C0-CECD288E3275}.Debug|Any CPU.Build.0 = Debug|Any CPU
		{8128B8EC-0D1F-4876-A2C0-CECD288E3275}.Release|Any CPU.ActiveCfg = Release|Any CPU
		{8128B8EC-0D1F-4876-A2C0-CECD288E3275}.Release|Any CPU.Build.0 = Release|Any CPU
	EndGlobalSection
	GlobalSection(SolutionProperties) = preSolution
		HideSolutionNode = FALSE
	EndGlobalSection
	GlobalSection(ExtensibilityGlobals) = postSolution
		SolutionGuid = {4A4D5B18-46B3-4E0D-A928-7D2E41E08C5B}
	EndGlobalSection
EndGlobal
